
Microsoft Visual Studio Solution File, Format Version 12.00
# Visual Studio 2013
VisualStudioVersion = 12.0.30501.0
MinimumVisualStudioVersion = 10.0.40219.1
Project("{FAE04EC0-301F-11D3-BF4B-00C04F79EFBC}") = "Lab4", "Lab4\Lab4.csproj", "{36ECF331-9439-47FB-BB53-853B019271E5}"
EndProject
Project("{FAE04EC0-301F-11D3-BF4B-00C04F79EFBC}") = "UnitTestProject1", "UnitTestProject1\UnitTestProject1.csproj", "{81B8517C-0F3E-4A0B-A247-19654B16649B}"
EndProject
Global
	GlobalSection(SolutionConfigurationPlatforms) = preSolution
		Debug|Any CPU = Debug|Any CPU
		Release|Any CPU = Release|Any CPU
	EndGlobalSection
	GlobalSection(ProjectConfigurationPlatforms) = postSolution
		{36ECF331-9439-47FB-BB53-853B019271E5}.Debug|Any CPU.ActiveCfg = Debug|Any CPU
		{36ECF331-9439-47FB-BB53-853B019271E5}.Debug|Any CPU.Build.0 = Debug|Any CPU
		{36ECF331-9439-47FB-BB53-853B019271E5}.Release|Any CPU.ActiveCfg = Release|Any CPU
		{36ECF331-9439-47FB-BB53-853B019271E5}.Release|Any CPU.Build.0 = Release|Any CPU
		{81B8517C-0F3E-4A0B-A247-19654B16649B}.Debug|Any CPU.ActiveCfg = Debug|Any CPU
		{81B8517C-0F3E-4A0B-A247-19654B16649B}.Debug|Any CPU.Build.0 = Debug|Any CPU
		{81B8517C-0F3E-4A0B-A247-19654B16649B}.Release|Any CPU.ActiveCfg = Release|Any CPU
		{81B8517C-0F3E-4A0B-A247-19654B16649B}.Release|Any CPU.Build.0 = Release|Any CPU
	EndGlobalSection
	GlobalSection(SolutionProperties) = preSolution
		HideSolutionNode = FALSE
	EndGlobalSection
EndGlobal
